{
  "name": "stock-screener-backtest",
  "lockfileVersion": 3,
  "requires": true,
  "packages": {
    "": {
      "name": "stock-screener-backtest",
      "dependencies": {
        "@duckdb/node-api": "1.5.6-r.1"
      },
      "devDependencies": {
        "@types/node": "^26.6.3",
        "typescript": "^5.9.3"
      },
      "engines": {
        "node": ">=22.6"
      }
    },
    "node_modules/@duckdb/node-api": {
      "version": "1.5.6-r.1",
      "resolved": "https://registry.npmjs.org/@duckdb/node-api/-/node-api-1.5.6-r.1.tgz",
      "integrity": "sha512-yIPol6P4EQmsAUsb27donJf7iADrM31Ei/WkvhkZpSscjhEErYsuF19lsJ/qz5mUWxsKFQpLdjvrlhPQnMTBqw==",
      "license": "MIT",
      "dependencies": {
        "@duckdb/node-bindings": "1.5.6-r.1"
      }
    },
    "node_modules/@duckdb/node-bindings": {
      "version": "1.5.6-r.1",
      "resolved": "https://registry.npmjs.org/@duckdb/node-bindings/-/node-bindings-1.5.6-r.1.tgz",
      "integrity": "sha512-/pWlTyvKC1d16iSMJCBAPwlmzoeXRs5Y9cqG+TpKd/YAW6Ke05FJg099v/Im2bkS9BgznNyNcAK1NxA1eQhSUw==",
      "license": "MIT",
      "dependencies": {
        "detect-libc": "^2.1.2"
      },
      "optionalDependencies": {
        "@duckdb/node-bindings-darwin-arm64": "1.5.6-r.1",
        "@duckdb/node-bindings-darwin-x64": "1.5.6-r.1",
        "@duckdb/node-bindings-linux-arm64": "1.5.6-r.1",
        "@duckdb/node-bindings-linux-arm64-musl": "1.5.6-r.1",
        "@duckdb/node-bindings-linux-x64": "1.5.6-r.1",
        "@duckdb/node-bindings-linux-x64-musl": "1.5.6-r.1",
        "@duckdb/node-bindings-win32-arm64": "1.5.6-r.1",
        "@duckdb/node-bindings-win32-x64": "1.5.6-r.1"
      }
    },
    "node_modules/@duckdb/node-bindings-darwin-arm64": {
      "version": "1.5.6-r.1",
      "resolved": "https://registry.npmjs.org/@duckdb/node-bindings-darwin-arm64/-/node-bindings-darwin-arm64-1.5.6-r.1.tgz",
      "integrity": "sha512-KFT/J/pyouuAD1jftAIfcWVRdorg+c/yVR/BJL8LJKrST+mYC4d7QSuQ+iXSYbFpHENUAeZUagXrMPtZT8Xzsg==",
      "cpu": [
        "arm64"
      ],
      "license": "MIT",
      "optional": true,
      "os": [
        "darwin"
      ]
    },
    "node_modules/@duckdb/node-bindings-darwin-x64": {
      "version": "1.5.6-r.1",
      "resolved": "https://registry.npmjs.org/@duckdb/node-bindings-darwin-x64/-/node-bindings-darwin-x64-1.5.6-r.1.tgz",
      "integrity": "sha512-tVwUZNvdQoaPJhrh3q2e6jxm1MhahNHJQK/pvCyco46NX0mEuGzlw9i0n2MArgsyzccdCwScOK9ctbyr+3oMbQ==",
      "cpu": [
        "x64"
      ],
      "license": "MIT",
      "optional": true,
      "os": [
        "darwin"
      ]
    },
    "node_modules/@duckdb/node-bindings-linux-arm64": {
      "version": "1.5.6-r.1",
      "resolved": "https://registry.npmjs.org/@duckdb/node-bindings-linux-arm64/-/node-bindings-linux-arm64-1.5.6-r.1.tgz",
      "integrity": "sha512-3jnUaDil1BrF/6vAZwVaInJ1xoBaWGHB4PDiUnzJWKCo8a8TLx9j7/gPyPl/UGRBftrYIuTihRZSfF4mWMgtWA==",
      "cpu": [
        "arm64"
      ],
      "license": "MIT",
      "optional": true,
      "os": [
        "linux"
      ]
    },
    "node_modules/@duckdb/node-bindings-linux-arm64-musl": {
      "version": "1.5.6-r.1",
      "resolved": "https://registry.npmjs.org/@duckdb/node-bindings-linux-arm64-musl/-/node-bindings-linux-arm64-musl-1.5.6-r.1.tgz",
      "integrity": "sha512-j6dcNLWnFvlQyKMtl36HyeDsOaetXFoj0dH21Q9MbLjABNuJs5ekDV6zMSEda/g5+z1Tm6r2KFOS8j3tGUCRiw==",
      "cpu": [
        "arm64"
      ],
      "license": "MIT",
      "optional": true,
      "os": [
        "linux"
      ]
    },
    "node_modules/@duckdb/node-bindings-linux-x64": {
      "version": "1.5.6-r.1",
      "resolved": "https://registry.npmjs.org/@duckdb/node-bindings-linux-x64/-/node-bindings-linux-x64-1.5.6-r.1.tgz",
      "integrity": "sha512-IXcrZJE6kEqM0Z4wwdVnGBHX/frOS33VPNAwDXQ/Q+Fs84b058Qe94chrCCIcNJlG8Y3UHIUU4eBeCQxW5mN1Q==",
      "cpu": [
        "x64"
      ],
      "license": "MIT",
      "optional": true,
      "os": [
        "linux"
      ]
    },
    "node_modules/@duckdb/node-bindings-linux-x64-musl": {
      "version": "1.5.6-r.1",
      "resolved": "https://registry.npmjs.org/@duckdb/node-bindings-linux-x64-musl/-/node-bindings-linux-x64-musl-1.5.6-r.1.tgz",
      "integrity": "sha512-PVzIEZqp7QN07WBgjmIH0cK2GKXR735KmL6wnghTzRnhHWrePxx3MjZB9zZHI8tB73wdF8luarBm4EgqSjGyVA==",
      "cpu": [
        "x64"
      ],
      "license": "MIT",
      "optional": true,
      "os": [
        "linux"
      ]
    },
    "node_modules/@duckdb/node-bindings-win32-arm64": {
      "version": "1.5.6-r.1",
      "resolved": "https://registry.npmjs.org/@duckdb/node-bindings-win32-arm64/-/node-bindings-win32-arm64-1.5.6-r.1.tgz",
      "integrity": "sha512-nzNTZx9rus5QpuX+KH6UOPNeZp8yF25TxV6DiUly4RKgR5mu6xo8c7a7lS80AqxTJfJ9BwUIiqlCuYKWztRM5A==",
      "cpu": [
        "arm64"
      ],
      "license": "MIT",
      "optional": true,
      "os": [
        "win32"
      ]
    },
    "node_modules/@duckdb/node-bindings-win32-x64": {
      "version": "1.5.6-r.1",
      "resolved": "https://registry.npmjs.org/@duckdb/node-bindings-win32-x64/-/node-bindings-win32-x64-1.5.6-r.1.tgz",
      "integrity": "sha512-5Rpn5WXEG5gY/u7Keh+c4kuwG/LiE31pCP9CoCohv+u0aFensk/yRIQVW/CXuIoITky9xFhdRzaWUtAnGTYxJQ==",
      "cpu": [
        "x64"
      ],
      "license": "MIT",
      "optional": true,
      "os": [
        "win32"
      ]
    },
    "node_modules/@types/node": {
      "version": "26.6.4",
      "resolved": "https://registry.npmjs.org/@types/node/-/node-26.6.4.tgz",
      "integrity": "sha512-ldVPDCzj7fsaGZrLB0NuHuTvJcsNasysBAqMolr/cgxrLd1xbqxIr3XJiPnHHJUCxj5sNF1vnRj9aWnrVh5Jcg==",
      "dev": true,
      "license": "MIT",
      "dependencies": {
        "undici-types": "~8.9.0"
      }
    },
    "node_modules/detect-libc": {
      "version": "2.1.2",
      "resolved": "https://registry.npmjs.org/detect-libc/-/detect-libc-2.1.2.tgz",
      "integrity": "sha512-Btj2BOOO83o3WyH59e8MgXsxEQVcarkUOpEYrubB0urwnN10yQ364rsiByU11nZlqWYZm05i/of7io4mzihBtQ==",
      "license": "Apache-2.0",
      "engines": {
        "node": ">=8"
      }
    },
    "node_modules/typescript": {
      "version": "5.9.3",
      "resolved": "https://registry.npmjs.org/typescript/-/typescript-5.9.3.tgz",
      "integrity": "sha512-jl1vZzPDinLr9eUt3J/t7V6FgNEw9QjvBPdysz9KfQDD41fQrC2Y4vKQdiaUpFT4bXlb1RHhLpp8wtm6M5TgSw==",
      "dev": true,
      "license": "Apache-2.0",
      "bin": {
        "tsc": "bin/tsc",
        "tsserver": "bin/tsserver"
      },
      "engines": {
        "node": ">=14.17"
      }
    },
    "node_modules/undici-types": {
      "version": "8.9.0",
      "resolved": "https://registry.npmjs.org/undici-types/-/undici-types-8.9.0.tgz",
      "integrity": "sha512-KTDyRTYX8sWmKXAikPHHSyc63CRPETMctyjKFupcC6OBLXT3xsN0e9aF7m+mIXutFWpUXuedtowG7iLOzp0kQg==",
      "dev": true,
      "license": "MIT"
    }
  }
}
